
Microsoft Visual Studio Solution File, Format Version 12.00
# Visual Studio Version 16
VisualStudioVersion = 16.0.31613.86
MinimumVisualStudioVersion = 10.0.40219.1
Project("{FAE04EC0-301F-11D3-BF4B-00C04F79EFBC}") = "Camera", "Camera\Camera.csproj", "{DC446E65-2009-4C3C-8192-6737991095CC}"
EndProject
Global
	GlobalSection(SolutionConfigurationPlatforms) = preSolution
		Debug|Any CPU = Debug|Any CPU
		Release|Any CPU = Release|Any CPU
	EndGlobalSection
	GlobalSection(ProjectConfigurationPlatforms) = postSolution
		{DC446E65-2009-4C3C-8192-6737991095CC}.Debug|Any CPU.ActiveCfg = Debug|Any CPU
		{DC446E65-2009-4C3C-8192-6737991095CC}.Debug|Any CPU.Build.0 = Debug|Any CPU
		{DC446E65-2009-4C3C-8192-6737991095CC}.Release|Any CPU.ActiveCfg = Release|Any CPU
		{DC446E65-2009-4C3C-8192-6737991095CC}.Release|Any CPU.Build.0 = Release|Any CPU
	EndGlobalSection
	GlobalSection(SolutionProperties) = preSolution
		HideSolutionNode = FALSE
	EndGlobalSection
	GlobalSection(ExtensibilityGlobals) = postSolution
		SolutionGuid = {C97891A3-06B6-4B41-894E-4BC0693285DE}
	EndGlobalSection
EndGlobal
